
Microsoft Visual Studio Solution File, Format Version 12.00
# Visual Studio Version 17
VisualStudioVersion = 17.11.35222.181
MinimumVisualStudioVersion = 10.0.40219.1
Project("{FAE04EC0-301F-11D3-BF4B-00C04F79EFBC}") = "PMC-Eight Mount Control", "PMC-Eight Mount Control\PMC-Eight Mount Control.csproj", "{F6B6CAA1-C156-4B7A-9150-8FB027BCC270}"
EndProject
Global
	GlobalSection(SolutionConfigurationPlatforms) = preSolution
		Debug|Any CPU = Debug|Any CPU
		Release|Any CPU = Release|Any CPU
	EndGlobalSection
	GlobalSection(ProjectConfigurationPlatforms) = postSolution
		{F6B6CAA1-C156-4B7A-9150-8FB027BCC270}.Debug|Any CPU.ActiveCfg = Debug|Any CPU
		{F6B6CAA1-C156-4B7A-9150-8FB027BCC270}.Debug|Any CPU.Build.0 = Debug|Any CPU
		{F6B6CAA1-C156-4B7A-9150-8FB027BCC270}.Release|Any CPU.ActiveCfg = Release|Any CPU
		{F6B6CAA1-C156-4B7A-9150-8FB027BCC270}.Release|Any CPU.Build.0 = Release|Any CPU
	EndGlobalSection
	GlobalSection(SolutionProperties) = preSolution
		HideSolutionNode = FALSE
	EndGlobalSection
	GlobalSection(ExtensibilityGlobals) = postSolution
		SolutionGuid = {A56F03C2-E442-4239-9449-1E9912A728E8}
	EndGlobalSection
EndGlobal
